
Microsoft Visual Studio Solution File, Format Version 12.00
# Visual Studio Version 16
VisualStudioVersion = 16.0.29519.87
MinimumVisualStudioVersion = 10.0.40219.1
Project("{FAE04EC0-301F-11D3-BF4B-00C04F79EFBC}") = "Calculator", "Calculator\Calculator.csproj", "{A2A428DB-C85C-496F-AC53-50358BA18100}"
EndProject
Global
	GlobalSection(SolutionConfigurationPlatforms) = preSolution
		Debug|Any CPU = Debug|Any CPU
		Release|Any CPU = Release|Any CPU
	EndGlobalSection
	GlobalSection(ProjectConfigurationPlatforms) = postSolution
		{A2A428DB-C85C-496F-AC53-50358BA18100}.Debug|Any CPU.ActiveCfg = Debug|Any CPU
		{A2A428DB-C85C-496F-AC53-50358BA18100}.Debug|Any CPU.Build.0 = Debug|Any CPU
		{A2A428DB-C85C-496F-AC53-50358BA18100}.Release|Any CPU.ActiveCfg = Release|Any CPU
		{A2A428DB-C85C-496F-AC53-50358BA18100}.Release|Any CPU.Build.0 = Release|Any CPU
	EndGlobalSection
	GlobalSection(SolutionProperties) = preSolution
		HideSolutionNode = FALSE
	EndGlobalSection
	GlobalSection(ExtensibilityGlobals) = postSolution
		SolutionGuid = {0582221C-5709-4B27-BE5C-C01598B22562}
	EndGlobalSection
EndGlobal
